# THIS IS AN AUTOGENERATED FILE. DO NOT EDIT THIS FILE DIRECTLY.
# yarn lockfile v1


"@infotition/prettier-config@^1.0.0":
  version "1.0.0"
  resolved "https://registry.yarnpkg.com/@infotition/prettier-config/-/prettier-config-1.0.0.tgz#f9f09c428ecff6876521837086f55ec142eda26a"
  integrity sha512-Xn5auoLTEHNXsK0ruLLFFpwdG7Ek3zgODA0WB365Tdubdk4pF+kJsvzdhu0L59I5+d9SwsSm213V/1HdeOyR0Q==

husky@^7.0.4:
  version "7.0.4"
  resolved "https://registry.yarnpkg.com/husky/-/husky-7.0.4.tgz#242048245dc49c8fb1bf0cc7cfb98dd722531535"
  integrity sha512-vbaCKN2QLtP/vD4yvs6iz6hBEo6wkSzs8HpRah1Z6aGmF2KW5PdYuAd7uX5a+OyBZHBhd+TFLqgjUgytQr4RvQ==
